
Microsoft Visual Studio Solution File, Format Version 12.00
# Visual Studio Version 17
VisualStudioVersion = 17.0.31903.59
MinimumVisualStudioVersion = 10.0.40219.1
Project("{FAE04EC0-301F-11D3-BF4B-00C04F79EFBC}") = "Intrepion.HelloWorld.BusinessLogic", "Intrepion.HelloWorld.BusinessLogic\Intrepion.HelloWorld.BusinessLogic.csproj", "{6560EA22-F55F-4860-BB6E-63E62ACAEFEA}"
EndProject
Project("{FAE04EC0-301F-11D3-BF4B-00C04F79EFBC}") = "Intrepion.HelloWorld.BusinessLogic.UnitTests", "Intrepion.HelloWorld.BusinessLogic.UnitTests\Intrepion.HelloWorld.BusinessLogic.UnitTests.csproj", "{852B50CC-CDB9-49D3-8636-87DEF6B962CF}"
EndProject
Global
	GlobalSection(SolutionConfigurationPlatforms) = preSolution
		Debug|Any CPU = Debug|Any CPU
		Release|Any CPU = Release|Any CPU
	EndGlobalSection
	GlobalSection(SolutionProperties) = preSolution
		HideSolutionNode = FALSE
	EndGlobalSection
	GlobalSection(ProjectConfigurationPlatforms) = postSolution
		{6560EA22-F55F-4860-BB6E-63E62ACAEFEA}.Debug|Any CPU.ActiveCfg = Debug|Any CPU
		{6560EA22-F55F-4860-BB6E-63E62ACAEFEA}.Debug|Any CPU.Build.0 = Debug|Any CPU
		{6560EA22-F55F-4860-BB6E-63E62ACAEFEA}.Release|Any CPU.ActiveCfg = Release|Any CPU
		{6560EA22-F55F-4860-BB6E-63E62ACAEFEA}.Release|Any CPU.Build.0 = Release|Any CPU
		{852B50CC-CDB9-49D3-8636-87DEF6B962CF}.Debug|Any CPU.ActiveCfg = Debug|Any CPU
		{852B50CC-CDB9-49D3-8636-87DEF6B962CF}.Debug|Any CPU.Build.0 = Debug|Any CPU
		{852B50CC-CDB9-49D3-8636-87DEF6B962CF}.Release|Any CPU.ActiveCfg = Release|Any CPU
		{852B50CC-CDB9-49D3-8636-87DEF6B962CF}.Release|Any CPU.Build.0 = Release|Any CPU
	EndGlobalSection
EndGlobal
